
Microsoft Visual Studio Solution File, Format Version 12.00
# Visual Studio Version 17
VisualStudioVersion = 17.14.36414.22 d17.14
MinimumVisualStudioVersion = 10.0.40219.1
Project("{FAE04EC0-301F-11D3-BF4B-00C04F79EFBC}") = "CourseWork", "CourseWork.csproj", "{38CDA40A-BE73-4892-AA3F-61BBF5943835}"
EndProject
Global
	GlobalSection(SolutionConfigurationPlatforms) = preSolution
		Debug|Any CPU = Debug|Any CPU
		Release|Any CPU = Release|Any CPU
	EndGlobalSection
	GlobalSection(ProjectConfigurationPlatforms) = postSolution
		{38CDA40A-BE73-4892-AA3F-61BBF5943835}.Debug|Any CPU.ActiveCfg = Debug|Any CPU
		{38CDA40A-BE73-4892-AA3F-61BBF5943835}.Debug|Any CPU.Build.0 = Debug|Any CPU
		{38CDA40A-BE73-4892-AA3F-61BBF5943835}.Release|Any CPU.ActiveCfg = Release|Any CPU
		{38CDA40A-BE73-4892-AA3F-61BBF5943835}.Release|Any CPU.Build.0 = Release|Any CPU
	EndGlobalSection
	GlobalSection(SolutionProperties) = preSolution
		HideSolutionNode = FALSE
	EndGlobalSection
	GlobalSection(ExtensibilityGlobals) = postSolution
		SolutionGuid = {E98983DA-2476-492A-900B-1B3C83019F18}
	EndGlobalSection
EndGlobal
